
Microsoft Visual Studio Solution File, Format Version 12.00
# Visual Studio Version 16
VisualStudioVersion = 16.0.29009.5
MinimumVisualStudioVersion = 10.0.40219.1
Project("{FAE04EC0-301F-11D3-BF4B-00C04F79EFBC}") = "BethanysPieShop.UWP", "BethanysPieShop.UWP\BethanysPieShop.UWP.csproj", "{639FDCE0-A9F1-46D5-9CEC-F93BE0DA23EE}"
EndProject
Project("{FAE04EC0-301F-11D3-BF4B-00C04F79EFBC}") = "BethanysPieShop.Android", "BethanysPieShop.Android\BethanysPieShop.Android.csproj", "{EAAFB1D4-6E03-4979-B0EA-F9F8A22A063B}"
EndProject
Project("{FAE04EC0-301F-11D3-BF4B-00C04F79EFBC}") = "BethanysPieShop.iOS", "BethanysPieShop.iOS\BethanysPieShop.iOS.csproj", "{F1E50DF3-9538-4E27-B17C-A7FCE6B139B2}"
EndProject
Project("{FAE04EC0-301F-11D3-BF4B-00C04F79EFBC}") = "BethanysPieShop", "BethanysPieShop\BethanysPieShop.csproj", "{D3ADC8D8-99F5-4200-B3B7-253BC5882D1E}"
EndProject
Global
	GlobalSection(SolutionConfigurationPlatforms) = preSolution
		Debug|Any CPU = Debug|Any CPU
		Debug|ARM = Debug|ARM
		Debug|iPhone = Debug|iPhone
		Debug|iPhoneSimulator = Debug|iPhoneSimulator
		Debug|x64 = Debug|x64
		Debug|x86 = Debug|x86
		Release|Any CPU = Release|Any CPU
		Release|ARM = Release|ARM
		Release|iPhone = Release|iPhone
		Release|iPhoneSimulator = Release|iPhoneSimulator
		Release|x64 = Release|x64
		Release|x86 = Release|x86
	EndGlobalSection
	GlobalSection(ProjectConfigurationPlatforms) = postSolution
		{639FDCE0-A9F1-46D5-9CEC-F93BE0DA23EE}.Debug|Any CPU.ActiveCfg = Debug|x86
		{639FDCE0-A9F1-46D5-9CEC-F93BE0DA23EE}.Debug|Any CPU.Build.0 = Debug|x86
		{639FDCE0-A9F1-46D5-9CEC-F93BE0DA23EE}.Debug|Any CPU.Deploy.0 = Debug|x86
		{639FDCE0-A9F1-46D5-9CEC-F93BE0DA23EE}.Debug|ARM.ActiveCfg = Debug|ARM
		{639FDCE0-A9F1-46D5-9CEC-F93BE0DA23EE}.Debug|ARM.Build.0 = Debug|ARM
		{639FDCE0-A9F1-46D5-9CEC-F93BE0DA23EE}.Debug|ARM.Deploy.0 = Debug|ARM
		{639FDCE0-A9F1-46D5-9CEC-F93BE0DA23EE}.Debug|iPhone.ActiveCfg = Debug|x86
		{639FDCE0-A9F1-46D5-9CEC-F93BE0DA23EE}.Debug|iPhone.Build.0 = Debug|x86
		{639FDCE0-A9F1-46D5-9CEC-F93BE0DA23EE}.Debug|iPhone.Deploy.0 = Debug|x86
		{639FDCE0-A9F1-46D5-9CEC-F93BE0DA23EE}.Debug|iPhoneSimulator.ActiveCfg = Debug|x86
		{639FDCE0-A9F1-46D5-9CEC-F93BE0DA23EE}.Debug|iPhoneSimulator.Build.0 = Debug|x86
		{639FDCE0-A9F1-46D5-9CEC-F93BE0DA23EE}.Debug|iPhoneSimulator.Deploy.0 = Debug|x86
		{639FDCE0-A9F1-46D5-9CEC-F93BE0DA23EE}.Debug|x64.ActiveCfg = Debug|x64
		{639FDCE0-A9F1-46D5-9CEC-F93BE0DA23EE}.Debug|x64.Build.0 = Debug|x64
		{639FDCE0-A9F1-46D5-9CEC-F93BE0DA23EE}.Debug|x64.Deploy.0 = Debug|x64
		{639FDCE0-A9F1-46D5-9CEC-F93BE0DA23EE}.Debug|x86.ActiveCfg = Debug|x86
		{639FDCE0-A9F1-46D5-9CEC-F93BE0DA23EE}.Debug|x86.Build.0 = Debug|x86
		{639FDCE0-A9F1-46D5-9CEC-F93BE0DA23EE}.Debug|x86.Deploy.0 = Debug|x86
		{639FDCE0-A9F1-46D5-9CEC-F93BE0DA23EE}.Release|Any CPU.ActiveCfg = Release|x86
		{639FDCE0-A9F1-46D5-9CEC-F93BE0DA23EE}.Release|Any CPU.Build.0 = Release|x86
		{639FDCE0-A9F1-46D5-9CEC-F93BE0DA23EE}.Release|Any CPU.Deploy.0 = Release|x86
		{639FDCE0-A9F1-46D5-9CEC-F93BE0DA23EE}.Release|ARM.ActiveCfg = Release|ARM
		{639FDCE0-A9F1-46D5-9CEC-F93BE0DA23EE}.Release|ARM.Build.0 = Release|ARM
		{639FDCE0-A9F1-46D5-9CEC-F93BE0DA23EE}.Release|ARM.Deploy.0 = Release|ARM
		{639FDCE0-A9F1-46D5-9CEC-F93BE0DA23EE}.Release|iPhone.ActiveCfg = Release|x86
		{639FDCE0-A9F1-46D5-9CEC-F93BE0DA23EE}.Release|iPhone.Build.0 = Release|x86
		{639FDCE0-A9F1-46D5-9CEC-F93BE0DA23EE}.Release|iPhone.Deploy.0 = Release|x86
		{639FDCE0-A9F1-46D5-9CEC-F93BE0DA23EE}.Release|iPhoneSimulator.ActiveCfg = Release|x86
		{639FDCE0-A9F1-46D5-9CEC-F93BE0DA23EE}.Release|iPhoneSimulator.Build.0 = Release|x86
		{639FDCE0-A9F1-46D5-9CEC-F93BE0DA23EE}.Release|iPhoneSimulator.Deploy.0 = Release|x86
		{639FDCE0-A9F1-46D5-9CEC-F93BE0DA23EE}.Release|x64.ActiveCfg = Release|x64
		{639FDCE0-A9F1-46D5-9CEC-F93BE0DA23EE}.Release|x64.Build.0 = Release|x64
		{639FDCE0-A9F1-46D5-9CEC-F93BE0DA23EE}.Release|x64.Deploy.0 = Release|x64
		{639FDCE0-A9F1-46D5-9CEC-F93BE0DA23EE}.Release|x86.ActiveCfg = Release|x86
		{639FDCE0-A9F1-46D5-9CEC-F93BE0DA23EE}.Release|x86.Build.0 = Release|x86
		{639FDCE0-A9F1-46D5-9CEC-F93BE0DA23EE}.Release|x86.Deploy.0 = Release|x86
		{EAAFB1D4-6E03-4979-B0EA-F9F8A22A063B}.Debug|Any CPU.ActiveCfg = Debug|Any CPU
		{EAAFB1D4-6E03-4979-B0EA-F9F8A22A063B}.Debug|Any CPU.Build.0 = Debug|Any CPU
		{EAAFB1D4-6E03-4979-B0EA-F9F8A22A063B}.Debug|Any CPU.Deploy.0 = Debug|Any CPU
		{EAAFB1D4-6E03-4979-B0EA-F9F8A22A063B}.Debug|ARM.ActiveCfg = Debug|Any CPU
		{EAAFB1D4-6E03-4979-B0EA-F9F8A22A063B}.Debug|ARM.Build.0 = Debug|Any CPU
		{EAAFB1D4-6E03-4979-B0EA-F9F8A22A063B}.Debug|ARM.Deploy.0 = Debug|Any CPU
		{EAAFB1D4-6E03-4979-B0EA-F9F8A22A063B}.Debug|iPhone.ActiveCfg = Debug|Any CPU
		{EAAFB1D4-6E03-4979-B0EA-F9F8A22A063B}.Debug|iPhone.Build.0 = Debug|Any CPU
		{EAAFB1D4-6E03-4979-B0EA-F9F8A22A063B}.Debug|iPhone.Deploy.0 = Debug|Any CPU
		{EAAFB1D4-6E03-4979-B0EA-F9F8A22A063B}.Debug|iPhoneSimulator.ActiveCfg = Debug|Any CPU
		{EAAFB1D4-6E03-4979-B0EA-F9F8A22A063B}.Debug|iPhoneSimulator.Build.0 = Debug|Any CPU
		{EAAFB1D4-6E03-4979-B0EA-F9F8A22A063B}.Debug|iPhoneSimulator.Deploy.0 = Debug|Any CPU
		{EAAFB1D4-6E03-4979-B0EA-F9F8A22A063B}.Debug|x64.ActiveCfg = Debug|Any CPU
		{EAAFB1D4-6E03-4979-B0EA-F9F8A22A063B}.Debug|x64.Build.0 = Debug|Any CPU
		{EAAFB1D4-6E03-4979-B0EA-F9F8A22A063B}.Debug|x64.Deploy.0 = Debug|Any CPU
		{EAAFB1D4-6E03-4979-B0EA-F9F8A22A063B}.Debug|x86.ActiveCfg = Debug|Any CPU
		{EAAFB1D4-6E03-4979-B0EA-F9F8A22A063B}.Debug|x86.Build.0 = Debug|Any CPU
		{EAAFB1D4-6E03-4979-B0EA-F9F8A22A063B}.Debug|x86.Deploy.0 = Debug|Any CPU
		{EAAFB1D4-6E03-4979-B0EA-F9F8A22A063B}.Release|Any CPU.ActiveCfg = Release|Any CPU
		{EAAFB1D4-6E03-4979-B0EA-F9F8A22A063B}.Release|Any CPU.Build.0 = Release|Any CPU
		{EAAFB1D4-6E03-4979-B0EA-F9F8A22A063B}.Release|Any CPU.Deploy.0 = Release|Any CPU
		{EAAFB1D4-6E03-4979-B0EA-F9F8A22A063B}.Release|ARM.ActiveCfg = Release|Any CPU
		{EAAFB1D4-6E03-4979-B0EA-F9F8A22A063B}.Release|ARM.Build.0 = Release|Any CPU
		{EAAFB1D4-6E03-4979-B0EA-F9F8A22A063B}.Release|ARM.Deploy.0 = Release|Any CPU
		{EAAFB1D4-6E03-4979-B0EA-F9F8A22A063B}.Release|iPhone.ActiveCfg = Release|Any CPU
		{EAAFB1D4-6E03-4979-B0EA-F9F8A22A063B}.Release|iPhone.Build.0 = Release|Any CPU
		{EAAFB1D4-6E03-4979-B0EA-F9F8A22A063B}.Release|iPhone.Deploy.0 = Release|Any CPU
		{EAAFB1D4-6E03-4979-B0EA-F9F8A22A063B}.Release|iPhoneSimulator.ActiveCfg = Release|Any CPU
		{EAAFB1D4-6E03-4979-B0EA-F9F8A22A063B}.Release|iPhoneSimulator.Build.0 = Release|Any CPU
		{EAAFB1D4-6E03-4979-B0EA-F9F8A22A063B}.Release|iPhoneSimulator.Deploy.0 = Release|Any CPU
		{EAAFB1D4-6E03-4979-B0EA-F9F8A22A063B}.Release|x64.ActiveCfg = Release|Any CPU
		{EAAFB1D4-6E03-4979-B0EA-F9F8A22A063B}.Release|x64.Build.0 = Release|Any CPU
		{EAAFB1D4-6E03-4979-B0EA-F9F8A22A063B}.Release|x64.Deploy.0 = Release|Any CPU
		{EAAFB1D4-6E03-4979-B0EA-F9F8A22A063B}.Release|x86.ActiveCfg = Release|Any CPU
		{EAAFB1D4-6E03-4979-B0EA-F9F8A22A063B}.Release|x86.Build.0 = Release|Any CPU
		{EAAFB1D4-6E03-4979-B0EA-F9F8A22A063B}.Release|x86.Deploy.0 = Release|Any CPU
		{F1E50DF3-9538-4E27-B17C-A7FCE6B139B2}.Debug|Any CPU.ActiveCfg = Debug|iPhone
		{F1E50DF3-9538-4E27-B17C-A7FCE6B139B2}.Debug|Any CPU.Build.0 = Debug|iPhone
		{F1E50DF3-9538-4E27-B17C-A7FCE6B139B2}.Debug|Any CPU.Deploy.0 = Debug|iPhone
		{F1E50DF3-9538-4E27-B17C-A7FCE6B139B2}.Debug|ARM.ActiveCfg = Debug|iPhoneSimulator
		{F1E50DF3-9538-4E27-B17C-A7FCE6B139B2}.Debug|ARM.Build.0 = Debug|iPhoneSimulator
		{F1E50DF3-9538-4E27-B17C-A7FCE6B139B2}.Debug|ARM.Deploy.0 = Debug|iPhoneSimulator
		{F1E50DF3-9538-4E27-B17C-A7FCE6B139B2}.Debug|iPhone.ActiveCfg = Debug|iPhone
		{F1E50DF3-9538-4E27-B17C-A7FCE6B139B2}.Debug|iPhone.Build.0 = Debug|iPhone
		{F1E50DF3-9538-4E27-B17C-A7FCE6B139B2}.Debug|iPhone.Deploy.0 = Debug|iPhone
		{F1E50DF3-9538-4E27-B17C-A7FCE6B139B2}.Debug|iPhoneSimulator.ActiveCfg = Debug|iPhoneSimulator
		{F1E50DF3-9538-4E27-B17C-A7FCE6B139B2}.Debug|iPhoneSimulator.Build.0 = Debug|iPhoneSimulator
		{F1E50DF3-9538-4E27-B17C-A7FCE6B139B2}.Debug|iPhoneSimulator.Deploy.0 = Debug|iPhoneSimulator
		{F1E50DF3-9538-4E27-B17C-A7FCE6B139B2}.Debug|x64.ActiveCfg = Debug|iPhone
		{F1E50DF3-9538-4E27-B17C-A7FCE6B139B2}.Debug|x64.Build.0 = Debug|iPhone
		{F1E50DF3-9538-4E27-B17C-A7FCE6B139B2}.Debug|x64.Deploy.0 = Debug|iPhone
		{F1E50DF3-9538-4E27-B17C-A7FCE6B139B2}.Debug|x86.ActiveCfg = Debug|iPhone
		{F1E50DF3-9538-4E27-B17C-A7FCE6B139B2}.Debug|x86.Build.0 = Debug|iPhone
		{F1E50DF3-9538-4E27-B17C-A7FCE6B139B2}.Debug|x86.Deploy.0 = Debug|iPhone
		{F1E50DF3-9538-4E27-B17C-A7FCE6B139B2}.Release|Any CPU.ActiveCfg = Release|iPhone
		{F1E50DF3-9538-4E27-B17C-A7FCE6B139B2}.Release|Any CPU.Build.0 = Release|iPhone
		{F1E50DF3-9538-4E27-B17C-A7FCE6B139B2}.Release|Any CPU.Deploy.0 = Release|iPhone
		{F1E50DF3-9538-4E27-B17C-A7FCE6B139B2}.Release|ARM.ActiveCfg = Release|iPhone
		{F1E50DF3-9538-4E27-B17C-A7FCE6B139B2}.Release|ARM.Build.0 = Release|iPhone
		{F1E50DF3-9538-4E27-B17C-A7FCE6B139B2}.Release|ARM.Deploy.0 = Release|iPhone
		{F1E50DF3-9538-4E27-B17C-A7FCE6B139B2}.Release|iPhone.ActiveCfg = Release|iPhone
		{F1E50DF3-9538-4E27-B17C-A7FCE6B139B2}.Release|iPhone.Build.0 = Release|iPhone
		{F1E50DF3-9538-4E27-B17C-A7FCE6B139B2}.Release|iPhone.Deploy.0 = Release|iPhone
		{F1E50DF3-9538-4E27-B17C-A7FCE6B139B2}.Release|iPhoneSimulator.ActiveCfg = Release|iPhoneSimulator
		{F1E50DF3-9538-4E27-B17C-A7FCE6B139B2}.Release|iPhoneSimulator.Build.0 = Release|iPhoneSimulator
		{F1E50DF3-9538-4E27-B17C-A7FCE6B139B2}.Release|iPhoneSimulator.Deploy.0 = Release|iPhoneSimulator
		{F1E50DF3-9538-4E27-B17C-A7FCE6B139B2}.Release|x64.ActiveCfg = Release|iPhone
		{F1E50DF3-9538-4E27-B17C-A7FCE6B139B2}.Release|x64.Build.0 = Release|iPhone
		{F1E50DF3-9538-4E27-B17C-A7FCE6B139B2}.Release|x64.Deploy.0 = Release|iPhone
		{F1E50DF3-9538-4E27-B17C-A7FCE6B139B2}.Release|x86.ActiveCfg = Release|iPhone
		{F1E50DF3-9538-4E27-B17C-A7FCE6B139B2}.Release|x86.Build.0 = Release|iPhone
		{F1E50DF3-9538-4E27-B17C-A7FCE6B139B2}.Release|x86.Deploy.0 = Release|iPhone
		{D3ADC8D8-99F5-4200-B3B7-253BC5882D1E}.Debug|Any CPU.ActiveCfg = Debug|Any CPU
		{D3ADC8D8-99F5-4200-B3B7-253BC5882D1E}.Debug|Any CPU.Build.0 = Debug|Any CPU
		{D3ADC8D8-99F5-4200-B3B7-253BC5882D1E}.Debug|Any CPU.Deploy.0 = Debug|Any CPU
		{D3ADC8D8-99F5-4200-B3B7-253BC5882D1E}.Debug|ARM.ActiveCfg = Debug|Any CPU
		{D3ADC8D8-99F5-4200-B3B7-253BC5882D1E}.Debug|ARM.Build.0 = Debug|Any CPU
		{D3ADC8D8-99F5-4200-B3B7-253BC5882D1E}.Debug|ARM.Deploy.0 = Debug|Any CPU
		{D3ADC8D8-99F5-4200-B3B7-253BC5882D1E}.Debug|iPhone.ActiveCfg = Debug|Any CPU
		{D3ADC8D8-99F5-4200-B3B7-253BC5882D1E}.Debug|iPhone.Build.0 = Debug|Any CPU
		{D3ADC8D8-99F5-4200-B3B7-253BC5882D1E}.Debug|iPhone.Deploy.0 = Debug|Any CPU
		{D3ADC8D8-99F5-4200-B3B7-253BC5882D1E}.Debug|iPhoneSimulator.ActiveCfg = Debug|Any CPU
		{D3ADC8D8-99F5-4200-B3B7-253BC5882D1E}.Debug|iPhoneSimulator.Build.0 = Debug|Any CPU
		{D3ADC8D8-99F5-4200-B3B7-253BC5882D1E}.Debug|iPhoneSimulator.Deploy.0 = Debug|Any CPU
		{D3ADC8D8-99F5-4200-B3B7-253BC5882D1E}.Debug|x64.ActiveCfg = Debug|Any CPU
		{D3ADC8D8-99F5-4200-B3B7-253BC5882D1E}.Debug|x64.Build.0 = Debug|Any CPU
		{D3ADC8D8-99F5-4200-B3B7-253BC5882D1E}.Debug|x64.Deploy.0 = Debug|Any CPU
		{D3ADC8D8-99F5-4200-B3B7-253BC5882D1E}.Debug|x86.ActiveCfg = Debug|Any CPU
		{D3ADC8D8-99F5-4200-B3B7-253BC5882D1E}.Debug|x86.Build.0 = Debug|Any CPU
		{D3ADC8D8-99F5-4200-B3B7-253BC5882D1E}.Debug|x86.Deploy.0 = Debug|Any CPU
		{D3ADC8D8-99F5-4200-B3B7-253BC5882D1E}.Release|Any CPU.ActiveCfg = Release|Any CPU
		{D3ADC8D8-99F5-4200-B3B7-253BC5882D1E}.Release|Any CPU.Build.0 = Release|Any CPU
		{D3ADC8D8-99F5-4200-B3B7-253BC5882D1E}.Release|Any CPU.Deploy.0 = Release|Any CPU
		{D3ADC8D8-99F5-4200-B3B7-253BC5882D1E}.Release|ARM.ActiveCfg = Release|Any CPU
		{D3ADC8D8-99F5-4200-B3B7-253BC5882D1E}.Release|ARM.Build.0 = Release|Any CPU
		{D3ADC8D8-99F5-4200-B3B7-253BC5882D1E}.Release|ARM.Deploy.0 = Release|Any CPU
		{D3ADC8D8-99F5-4200-B3B7-253BC5882D1E}.Release|iPhone.ActiveCfg = Release|Any CPU
		{D3ADC8D8-99F5-4200-B3B7-253BC5882D1E}.Release|iPhone.Build.0 = Release|Any CPU
		{D3ADC8D8-99F5-4200-B3B7-253BC5882D1E}.Release|iPhone.Deploy.0 = Release|Any CPU
		{D3ADC8D8-99F5-4200-B3B7-253BC5882D1E}.Release|iPhoneSimulator.ActiveCfg = Release|Any CPU
		{D3ADC8D8-99F5-4200-B3B7-253BC5882D1E}.Release|iPhoneSimulator.Build.0 = Release|Any CPU
		{D3ADC8D8-99F5-4200-B3B7-253BC5882D1E}.Release|iPhoneSimulator.Deploy.0 = Release|Any CPU
		{D3ADC8D8-99F5-4200-B3B7-253BC5882D1E}.Release|x64.ActiveCfg = Release|Any CPU
		{D3ADC8D8-99F5-4200-B3B7-253BC5882D1E}.Release|x64.Build.0 = Release|Any CPU
		{D3ADC8D8-99F5-4200-B3B7-253BC5882D1E}.Release|x64.Deploy.0 = Release|Any CPU
		{D3ADC8D8-99F5-4200-B3B7-253BC5882D1E}.Release|x86.ActiveCfg = Release|Any CPU
		{D3ADC8D8-99F5-4200-B3B7-253BC5882D1E}.Release|x86.Build.0 = Release|Any CPU
		{D3ADC8D8-99F5-4200-B3B7-253BC5882D1E}.Release|x86.Deploy.0 = Release|Any CPU
	EndGlobalSection
	GlobalSection(SolutionProperties) = preSolution
		HideSolutionNode = FALSE
	EndGlobalSection
	GlobalSection(ExtensibilityGlobals) = postSolution
		SolutionGuid = {90F441AB-3C31-4B03-BA0B-CD63549EF516}
	EndGlobalSection
EndGlobal
